
Microsoft Visual Studio Solution File, Format Version 10.00
# Visual Studio 2008
Project("{FAE04EC0-301F-11D3-BF4B-00C04F79EFBC}") = "WServer", "WServer\WServer.csproj", "{856D7B7D-230E-4B95-A845-9DA4BFF43385}"
EndProject
Global
	GlobalSection(SolutionConfigurationPlatforms) = preSolution
		Debug|Any CPU = Debug|Any CPU
		Release|Any CPU = Release|Any CPU
	EndGlobalSection
	GlobalSection(ProjectConfigurationPlatforms) = postSolution
		{856D7B7D-230E-4B95-A845-9DA4BFF43385}.Debug|Any CPU.ActiveCfg = Debug|Any CPU
		{856D7B7D-230E-4B95-A845-9DA4BFF43385}.Debug|Any CPU.Build.0 = Debug|Any CPU
		{856D7B7D-230E-4B95-A845-9DA4BFF43385}.Release|Any CPU.ActiveCfg = Release|Any CPU
		{856D7B7D-230E-4B95-A845-9DA4BFF43385}.Release|Any CPU.Build.0 = Release|Any CPU
	EndGlobalSection
	GlobalSection(SolutionProperties) = preSolution
		HideSolutionNode = FALSE
	EndGlobalSection
EndGlobal
